
Microsoft Visual Studio Solution File, Format Version 12.00
# Visual Studio 2013
VisualStudioVersion = 12.0.31101.0
MinimumVisualStudioVersion = 10.0.40219.1
Project("{FAE04EC0-301F-11D3-BF4B-00C04F79EFBC}") = "ConsoleApp", "ConsoleApp\ConsoleApp.csproj", "{21ED2EF2-D236-41FE-A9A5-2AEF756D253E}"
EndProject
Project("{FAE04EC0-301F-11D3-BF4B-00C04F79EFBC}") = "Planner", "Planner\Planner.csproj", "{F2B53DE5-32E4-4829-9270-DD7358598924}"
EndProject
Project("{FAE04EC0-301F-11D3-BF4B-00C04F79EFBC}") = "Planner.Tests", "Planner.Tests\Planner.Tests.csproj", "{9EB104C5-C124-4EC5-B262-57CD78CE7C17}"
EndProject
Global
	GlobalSection(SolutionConfigurationPlatforms) = preSolution
		Debug|Any CPU = Debug|Any CPU
		Release|Any CPU = Release|Any CPU
	EndGlobalSection
	GlobalSection(ProjectConfigurationPlatforms) = postSolution
		{21ED2EF2-D236-41FE-A9A5-2AEF756D253E}.Debug|Any CPU.ActiveCfg = Debug|Any CPU
		{21ED2EF2-D236-41FE-A9A5-2AEF756D253E}.Debug|Any CPU.Build.0 = Debug|Any CPU
		{21ED2EF2-D236-41FE-A9A5-2AEF756D253E}.Release|Any CPU.ActiveCfg = Release|Any CPU
		{21ED2EF2-D236-41FE-A9A5-2AEF756D253E}.Release|Any CPU.Build.0 = Release|Any CPU
		{F2B53DE5-32E4-4829-9270-DD7358598924}.Debug|Any CPU.ActiveCfg = Debug|Any CPU
		{F2B53DE5-32E4-4829-9270-DD7358598924}.Debug|Any CPU.Build.0 = Debug|Any CPU
		{F2B53DE5-32E4-4829-9270-DD7358598924}.Release|Any CPU.ActiveCfg = Release|Any CPU
		{F2B53DE5-32E4-4829-9270-DD7358598924}.Release|Any CPU.Build.0 = Release|Any CPU
		{9EB104C5-C124-4EC5-B262-57CD78CE7C17}.Debug|Any CPU.ActiveCfg = Debug|Any CPU
		{9EB104C5-C124-4EC5-B262-57CD78CE7C17}.Debug|Any CPU.Build.0 = Debug|Any CPU
		{9EB104C5-C124-4EC5-B262-57CD78CE7C17}.Release|Any CPU.ActiveCfg = Release|Any CPU
		{9EB104C5-C124-4EC5-B262-57CD78CE7C17}.Release|Any CPU.Build.0 = Release|Any CPU
	EndGlobalSection
	GlobalSection(SolutionProperties) = preSolution
		HideSolutionNode = FALSE
	EndGlobalSection
EndGlobal
